# generated by rye
# use `rye lock` or `rye sync` to update this lockfile
#
# last locked with the following flags:
#   pre: false
#   features: []
#   all-features: false
#   with-sources: false
#   generate-hashes: false
#   universal: false

-e file:.
aio-pika==9.4.1
    # via fastapi-enterprise-template
aiormq==6.8.0
    # via aio-pika
alembic==1.14.1
    # via fastapi-enterprise-template
annotated-types==0.6.0
    # via pydantic
anyio==4.2.0
    # via httpx
    # via starlette
asyncpg==0.30.0
    # via fastapi-enterprise-template
bcrypt==4.3.0
    # via fastapi-enterprise-template
certifi==2023.11.17
    # via httpcore
    # via httpx
    # via sentry-sdk
cffi==1.16.0
    # via cryptography
click==8.1.7
    # via uvicorn
cryptography==42.0.7
    # via fastapi-enterprise-template
fastapi==0.115.11
    # via fastapi-enterprise-template
greenlet==3.1.1
    # via fastapi-enterprise-template
gunicorn==22.0.0
    # via fastapi-enterprise-template
h11==0.14.0
    # via httpcore
    # via uvicorn
httpcore==1.0.2
    # via httpx
httpx==0.28.1
    # via fastapi-enterprise-template
idna==3.6
    # via anyio
    # via httpx
    # via yarl
jinja2==3.1.3
    # via sqladmin
mako==1.3.0
    # via alembic
markupsafe==2.1.3
    # via jinja2
    # via mako
    # via wtforms
multidict==6.0.5
    # via yarl
packaging==24.1
    # via gunicorn
pamqp==3.3.0
    # via aiormq
phonenumbers==8.13.27
    # via fastapi-enterprise-template
pycparser==2.22
    # via cffi
pydantic==2.10.6
    # via fastapi
    # via pydantic-extra-types
    # via pydantic-settings
pydantic-core==2.27.2
    # via pydantic
pydantic-extra-types==2.4.1
    # via fastapi-enterprise-template
pydantic-settings==2.8.1
    # via fastapi-enterprise-template
pyjwt==2.10.1
    # via fastapi-enterprise-template
python-dotenv==1.0.0
    # via pydantic-settings
python-multipart==0.0.9
    # via sqladmin
redis==5.0.6
    # via fastapi-enterprise-template
sentry-sdk==1.39.2
    # via fastapi-enterprise-template
sniffio==1.3.0
    # via anyio
sqladmin==0.20.1
    # via fastapi-enterprise-template
sqlalchemy==2.0.38
    # via alembic
    # via fastapi-enterprise-template
    # via sqladmin
starlette==0.46.0
    # via fastapi
    # via sqladmin
typing-extensions==4.12.2
    # via alembic
    # via fastapi
    # via pydantic
    # via pydantic-core
    # via sqlalchemy
urllib3==2.1.0
    # via sentry-sdk
uvicorn==0.34.0
    # via fastapi-enterprise-template
wtforms==3.1.2
    # via sqladmin
yarl==1.9.4
    # via aio-pika
    # via aiormq
